
Microsoft Visual Studio Solution File, Format Version 12.00
# Visual Studio Version 17
VisualStudioVersion = 17.4.33122.133
MinimumVisualStudioVersion = 10.0.40219.1
Project("{9A19103F-16F7-4668-BE54-9A1E7A4F7556}") = "Day01", "Day01\Day01.csproj", "{2638235E-BB7A-449E-8936-5A57C0AB5DBB}"
EndProject
Project("{9A19103F-16F7-4668-BE54-9A1E7A4F7556}") = "Day02", "Day02\Day02.csproj", "{1BF2CE44-E1C9-45B0-A1AC-3D17AE5DF839}"
EndProject
Project("{9A19103F-16F7-4668-BE54-9A1E7A4F7556}") = "Day03", "Day03\Day03.csproj", "{7A2EF956-49FF-4B8C-BEFB-75B0A2226C81}"
EndProject
Project("{9A19103F-16F7-4668-BE54-9A1E7A4F7556}") = "Day04", "Day04\Day04.csproj", "{52E31278-E1E6-4CBA-A590-2B548672CB9B}"
EndProject
Project("{9A19103F-16F7-4668-BE54-9A1E7A4F7556}") = "Day05", "Day05\Day05.csproj", "{82EFCB47-6CF4-4117-922A-3C3705BBD1A7}"
EndProject
Project("{9A19103F-16F7-4668-BE54-9A1E7A4F7556}") = "Day06", "Day06\Day06.csproj", "{B2150C88-EAA8-4882-821A-B2F4539D74C0}"
EndProject
Project("{9A19103F-16F7-4668-BE54-9A1E7A4F7556}") = "Day07", "Day07\Day07.csproj", "{093BAAF1-9A99-49B5-B3E4-169CF1DC5EA7}"
EndProject
Project("{9A19103F-16F7-4668-BE54-9A1E7A4F7556}") = "Day08", "Day08\Day08.csproj", "{A8036042-72CF-4A8F-8CBA-C3F4F78DE17B}"
EndProject
Project("{9A19103F-16F7-4668-BE54-9A1E7A4F7556}") = "Day09", "Day09\Day09.csproj", "{190D41D4-07F9-49EC-9E78-45E71A942CC1}"
EndProject
Project("{9A19103F-16F7-4668-BE54-9A1E7A4F7556}") = "Day10", "Day10\Day10.csproj", "{5BAEF3DD-28DC-45AA-8F3E-EE0A929EF940}"
EndProject
Project("{9A19103F-16F7-4668-BE54-9A1E7A4F7556}") = "Day11", "Day11\Day11.csproj", "{9E24B062-F44E-4A90-BA8A-91B2A0467731}"
EndProject
Project("{9A19103F-16F7-4668-BE54-9A1E7A4F7556}") = "Day12", "Day12\Day12.csproj", "{22E9062A-02A5-41BB-9C23-8FD2DFAC2EE5}"
EndProject
Project("{9A19103F-16F7-4668-BE54-9A1E7A4F7556}") = "Day13", "Day13\Day13.csproj", "{2A294487-823D-4CAB-B0F9-EAF380E16467}"
EndProject
Project("{9A19103F-16F7-4668-BE54-9A1E7A4F7556}") = "Day14", "Day14\Day14.csproj", "{33E6C3F8-AE99-47B9-8A55-83E1E46683D1}"
EndProject
Project("{9A19103F-16F7-4668-BE54-9A1E7A4F7556}") = "Day15", "Day15\Day15.csproj", "{3F368FC0-0E16-4E2F-9D19-28B35E742080}"
EndProject
Project("{9A19103F-16F7-4668-BE54-9A1E7A4F7556}") = "Day16", "Day16\Day16.csproj", "{2A71F33E-FE0A-4279-B97E-3003C3F27962}"
EndProject
Project("{9A19103F-16F7-4668-BE54-9A1E7A4F7556}") = "Day17", "Day17\Day17.csproj", "{F0F93D28-A4B8-4F2D-AA30-859FFE51D9D1}"
EndProject
Project("{9A19103F-16F7-4668-BE54-9A1E7A4F7556}") = "Day18", "Day18\Day18.csproj", "{B8E00DE8-772F-46A6-B6FC-63DEBF39D7BB}"
EndProject
Project("{9A19103F-16F7-4668-BE54-9A1E7A4F7556}") = "Day19", "Day19\Day19.csproj", "{7BF7B0E7-EB41-40E7-8427-56CF6FF96A17}"
EndProject
Project("{9A19103F-16F7-4668-BE54-9A1E7A4F7556}") = "Day20", "Day20\Day20.csproj", "{072378E4-02E7-4C22-AAE8-D2B985B749A3}"
EndProject
Project("{9A19103F-16F7-4668-BE54-9A1E7A4F7556}") = "Day21", "Day21\Day21.csproj", "{5E3EA52B-5C91-4A7A-8CBC-D2915E7414CB}"
EndProject
Project("{9A19103F-16F7-4668-BE54-9A1E7A4F7556}") = "Day22", "Day22\Day22.csproj", "{AEF5AACE-8E8E-450D-95CD-7090FE430116}"
EndProject
Project("{FAE04EC0-301F-11D3-BF4B-00C04F79EFBC}") = "Day23", "Day23\Day23.csproj", "{932DABBB-4BDA-48B1-AAAE-F7D36851982A}"
EndProject
Global
	GlobalSection(SolutionConfigurationPlatforms) = preSolution
		Debug|Any CPU = Debug|Any CPU
		Release|Any CPU = Release|Any CPU
	EndGlobalSection
	GlobalSection(ProjectConfigurationPlatforms) = postSolution
		{2638235E-BB7A-449E-8936-5A57C0AB5DBB}.Debug|Any CPU.ActiveCfg = Debug|Any CPU
		{2638235E-BB7A-449E-8936-5A57C0AB5DBB}.Debug|Any CPU.Build.0 = Debug|Any CPU
		{2638235E-BB7A-449E-8936-5A57C0AB5DBB}.Release|Any CPU.ActiveCfg = Release|Any CPU
		{2638235E-BB7A-449E-8936-5A57C0AB5DBB}.Release|Any CPU.Build.0 = Release|Any CPU
		{1BF2CE44-E1C9-45B0-A1AC-3D17AE5DF839}.Debug|Any CPU.ActiveCfg = Debug|Any CPU
		{1BF2CE44-E1C9-45B0-A1AC-3D17AE5DF839}.Debug|Any CPU.Build.0 = Debug|Any CPU
		{1BF2CE44-E1C9-45B0-A1AC-3D17AE5DF839}.Release|Any CPU.ActiveCfg = Release|Any CPU
		{1BF2CE44-E1C9-45B0-A1AC-3D17AE5DF839}.Release|Any CPU.Build.0 = Release|Any CPU
		{7A2EF956-49FF-4B8C-BEFB-75B0A2226C81}.Debug|Any CPU.ActiveCfg = Debug|Any CPU
		{7A2EF956-49FF-4B8C-BEFB-75B0A2226C81}.Debug|Any CPU.Build.0 = Debug|Any CPU
		{7A2EF956-49FF-4B8C-BEFB-75B0A2226C81}.Release|Any CPU.ActiveCfg = Release|Any CPU
		{7A2EF956-49FF-4B8C-BEFB-75B0A2226C81}.Release|Any CPU.Build.0 = Release|Any CPU
		{52E31278-E1E6-4CBA-A590-2B548672CB9B}.Debug|Any CPU.ActiveCfg = Debug|Any CPU
		{52E31278-E1E6-4CBA-A590-2B548672CB9B}.Debug|Any CPU.Build.0 = Debug|Any CPU
		{52E31278-E1E6-4CBA-A590-2B548672CB9B}.Release|Any CPU.ActiveCfg = Release|Any CPU
		{52E31278-E1E6-4CBA-A590-2B548672CB9B}.Release|Any CPU.Build.0 = Release|Any CPU
		{82EFCB47-6CF4-4117-922A-3C3705BBD1A7}.Debug|Any CPU.ActiveCfg = Debug|Any CPU
		{82EFCB47-6CF4-4117-922A-3C3705BBD1A7}.Debug|Any CPU.Build.0 = Debug|Any CPU
		{82EFCB47-6CF4-4117-922A-3C3705BBD1A7}.Release|Any CPU.ActiveCfg = Release|Any CPU
		{82EFCB47-6CF4-4117-922A-3C3705BBD1A7}.Release|Any CPU.Build.0 = Release|Any CPU
		{B2150C88-EAA8-4882-821A-B2F4539D74C0}.Debug|Any CPU.ActiveCfg = Debug|Any CPU
		{B2150C88-EAA8-4882-821A-B2F4539D74C0}.Debug|Any CPU.Build.0 = Debug|Any CPU
		{B2150C88-EAA8-4882-821A-B2F4539D74C0}.Release|Any CPU.ActiveCfg = Release|Any CPU
		{B2150C88-EAA8-4882-821A-B2F4539D74C0}.Release|Any CPU.Build.0 = Release|Any CPU
		{093BAAF1-9A99-49B5-B3E4-169CF1DC5EA7}.Debug|Any CPU.ActiveCfg = Debug|Any CPU
		{093BAAF1-9A99-49B5-B3E4-169CF1DC5EA7}.Debug|Any CPU.Build.0 = Debug|Any CPU
		{093BAAF1-9A99-49B5-B3E4-169CF1DC5EA7}.Release|Any CPU.ActiveCfg = Release|Any CPU
		{093BAAF1-9A99-49B5-B3E4-169CF1DC5EA7}.Release|Any CPU.Build.0 = Release|Any CPU
		{A8036042-72CF-4A8F-8CBA-C3F4F78DE17B}.Debug|Any CPU.ActiveCfg = Debug|Any CPU
		{A8036042-72CF-4A8F-8CBA-C3F4F78DE17B}.Debug|Any CPU.Build.0 = Debug|Any CPU
		{A8036042-72CF-4A8F-8CBA-C3F4F78DE17B}.Release|Any CPU.ActiveCfg = Release|Any CPU
		{A8036042-72CF-4A8F-8CBA-C3F4F78DE17B}.Release|Any CPU.Build.0 = Release|Any CPU
		{190D41D4-07F9-49EC-9E78-45E71A942CC1}.Debug|Any CPU.ActiveCfg = Debug|Any CPU
		{190D41D4-07F9-49EC-9E78-45E71A942CC1}.Debug|Any CPU.Build.0 = Debug|Any CPU
		{190D41D4-07F9-49EC-9E78-45E71A942CC1}.Release|Any CPU.ActiveCfg = Release|Any CPU
		{190D41D4-07F9-49EC-9E78-45E71A942CC1}.Release|Any CPU.Build.0 = Release|Any CPU
		{5BAEF3DD-28DC-45AA-8F3E-EE0A929EF940}.Debug|Any CPU.ActiveCfg = Debug|Any CPU
		{5BAEF3DD-28DC-45AA-8F3E-EE0A929EF940}.Debug|Any CPU.Build.0 = Debug|Any CPU
		{5BAEF3DD-28DC-45AA-8F3E-EE0A929EF940}.Release|Any CPU.ActiveCfg = Release|Any CPU
		{5BAEF3DD-28DC-45AA-8F3E-EE0A929EF940}.Release|Any CPU.Build.0 = Release|Any CPU
		{9E24B062-F44E-4A90-BA8A-91B2A0467731}.Debug|Any CPU.ActiveCfg = Debug|Any CPU
		{9E24B062-F44E-4A90-BA8A-91B2A0467731}.Debug|Any CPU.Build.0 = Debug|Any CPU
		{9E24B062-F44E-4A90-BA8A-91B2A0467731}.Release|Any CPU.ActiveCfg = Release|Any CPU
		{9E24B062-F44E-4A90-BA8A-91B2A0467731}.Release|Any CPU.Build.0 = Release|Any CPU
		{22E9062A-02A5-41BB-9C23-8FD2DFAC2EE5}.Debug|Any CPU.ActiveCfg = Debug|Any CPU
		{22E9062A-02A5-41BB-9C23-8FD2DFAC2EE5}.Debug|Any CPU.Build.0 = Debug|Any CPU
		{22E9062A-02A5-41BB-9C23-8FD2DFAC2EE5}.Release|Any CPU.ActiveCfg = Release|Any CPU
		{22E9062A-02A5-41BB-9C23-8FD2DFAC2EE5}.Release|Any CPU.Build.0 = Release|Any CPU
		{2A294487-823D-4CAB-B0F9-EAF380E16467}.Debug|Any CPU.ActiveCfg = Debug|Any CPU
		{2A294487-823D-4CAB-B0F9-EAF380E16467}.Debug|Any CPU.Build.0 = Debug|Any CPU
		{2A294487-823D-4CAB-B0F9-EAF380E16467}.Release|Any CPU.ActiveCfg = Release|Any CPU
		{2A294487-823D-4CAB-B0F9-EAF380E16467}.Release|Any CPU.Build.0 = Release|Any CPU
		{33E6C3F8-AE99-47B9-8A55-83E1E46683D1}.Debug|Any CPU.ActiveCfg = Debug|Any CPU
		{33E6C3F8-AE99-47B9-8A55-83E1E46683D1}.Debug|Any CPU.Build.0 = Debug|Any CPU
		{33E6C3F8-AE99-47B9-8A55-83E1E46683D1}.Release|Any CPU.ActiveCfg = Release|Any CPU
		{33E6C3F8-AE99-47B9-8A55-83E1E46683D1}.Release|Any CPU.Build.0 = Release|Any CPU
		{3F368FC0-0E16-4E2F-9D19-28B35E742080}.Debug|Any CPU.ActiveCfg = Debug|Any CPU
		{3F368FC0-0E16-4E2F-9D19-28B35E742080}.Debug|Any CPU.Build.0 = Debug|Any CPU
		{3F368FC0-0E16-4E2F-9D19-28B35E742080}.Release|Any CPU.ActiveCfg = Release|Any CPU
		{3F368FC0-0E16-4E2F-9D19-28B35E742080}.Release|Any CPU.Build.0 = Release|Any CPU
		{2A71F33E-FE0A-4279-B97E-3003C3F27962}.Debug|Any CPU.ActiveCfg = Debug|Any CPU
		{2A71F33E-FE0A-4279-B97E-3003C3F27962}.Debug|Any CPU.Build.0 = Debug|Any CPU
		{2A71F33E-FE0A-4279-B97E-3003C3F27962}.Release|Any CPU.ActiveCfg = Release|Any CPU
		{2A71F33E-FE0A-4279-B97E-3003C3F27962}.Release|Any CPU.Build.0 = Release|Any CPU
		{F0F93D28-A4B8-4F2D-AA30-859FFE51D9D1}.Debug|Any CPU.ActiveCfg = Debug|Any CPU
		{F0F93D28-A4B8-4F2D-AA30-859FFE51D9D1}.Debug|Any CPU.Build.0 = Debug|Any CPU
		{F0F93D28-A4B8-4F2D-AA30-859FFE51D9D1}.Release|Any CPU.ActiveCfg = Release|Any CPU
		{F0F93D28-A4B8-4F2D-AA30-859FFE51D9D1}.Release|Any CPU.Build.0 = Release|Any CPU
		{B8E00DE8-772F-46A6-B6FC-63DEBF39D7BB}.Debug|Any CPU.ActiveCfg = Debug|Any CPU
		{B8E00DE8-772F-46A6-B6FC-63DEBF39D7BB}.Debug|Any CPU.Build.0 = Debug|Any CPU
		{B8E00DE8-772F-46A6-B6FC-63DEBF39D7BB}.Release|Any CPU.ActiveCfg = Release|Any CPU
		{B8E00DE8-772F-46A6-B6FC-63DEBF39D7BB}.Release|Any CPU.Build.0 = Release|Any CPU
		{7BF7B0E7-EB41-40E7-8427-56CF6FF96A17}.Debug|Any CPU.ActiveCfg = Debug|Any CPU
		{7BF7B0E7-EB41-40E7-8427-56CF6FF96A17}.Debug|Any CPU.Build.0 = Debug|Any CPU
		{7BF7B0E7-EB41-40E7-8427-56CF6FF96A17}.Release|Any CPU.ActiveCfg = Release|Any CPU
		{7BF7B0E7-EB41-40E7-8427-56CF6FF96A17}.Release|Any CPU.Build.0 = Release|Any CPU
		{072378E4-02E7-4C22-AAE8-D2B985B749A3}.Debug|Any CPU.ActiveCfg = Debug|Any CPU
		{072378E4-02E7-4C22-AAE8-D2B985B749A3}.Debug|Any CPU.Build.0 = Debug|Any CPU
		{072378E4-02E7-4C22-AAE8-D2B985B749A3}.Release|Any CPU.ActiveCfg = Release|Any CPU
		{072378E4-02E7-4C22-AAE8-D2B985B749A3}.Release|Any CPU.Build.0 = Release|Any CPU
		{5E3EA52B-5C91-4A7A-8CBC-D2915E7414CB}.Debug|Any CPU.ActiveCfg = Debug|Any CPU
		{5E3EA52B-5C91-4A7A-8CBC-D2915E7414CB}.Debug|Any CPU.Build.0 = Debug|Any CPU
		{5E3EA52B-5C91-4A7A-8CBC-D2915E7414CB}.Release|Any CPU.ActiveCfg = Release|Any CPU
		{5E3EA52B-5C91-4A7A-8CBC-D2915E7414CB}.Release|Any CPU.Build.0 = Release|Any CPU
		{AEF5AACE-8E8E-450D-95CD-7090FE430116}.Debug|Any CPU.ActiveCfg = Debug|Any CPU
		{AEF5AACE-8E8E-450D-95CD-7090FE430116}.Debug|Any CPU.Build.0 = Debug|Any CPU
		{AEF5AACE-8E8E-450D-95CD-7090FE430116}.Release|Any CPU.ActiveCfg = Release|Any CPU
		{AEF5AACE-8E8E-450D-95CD-7090FE430116}.Release|Any CPU.Build.0 = Release|Any CPU
		{932DABBB-4BDA-48B1-AAAE-F7D36851982A}.Debug|Any CPU.ActiveCfg = Debug|Any CPU
		{932DABBB-4BDA-48B1-AAAE-F7D36851982A}.Debug|Any CPU.Build.0 = Debug|Any CPU
		{932DABBB-4BDA-48B1-AAAE-F7D36851982A}.Release|Any CPU.ActiveCfg = Release|Any CPU
		{932DABBB-4BDA-48B1-AAAE-F7D36851982A}.Release|Any CPU.Build.0 = Release|Any CPU
	EndGlobalSection
	GlobalSection(SolutionProperties) = preSolution
		HideSolutionNode = FALSE
	EndGlobalSection
	GlobalSection(ExtensibilityGlobals) = postSolution
		SolutionGuid = {5C67E82A-9F2B-4216-9DC7-1B5AE1D3F066}
	EndGlobalSection
EndGlobal
